
Microsoft Visual Studio Solution File, Format Version 12.00
# Visual Studio 15
Project("{FAE04EC0-301F-11D3-BF4B-00C04F79EFBC}") = "PhotonChat", "PhotonChat.csproj", "{4F035074-CB8A-706C-21FE-5012EA762DA5}"
EndProject
Project("{FAE04EC0-301F-11D3-BF4B-00C04F79EFBC}") = "PhotonUnityNetworking.Demos", "PhotonUnityNetworking.Demos.csproj", "{BAF78B2D-C5AD-AC71-25ED-47087B78EEE0}"
EndProject
Project("{FAE04EC0-301F-11D3-BF4B-00C04F79EFBC}") = "Assembly-CSharp", "Assembly-CSharp.csproj", "{97CD0AD6-9474-805D-44A0-4346B5BE9346}"
EndProject
Project("{FAE04EC0-301F-11D3-BF4B-00C04F79EFBC}") = "PhotonRealtime", "PhotonRealtime.csproj", "{D47B4D5C-8C48-D2B7-2572-001CEAD928A8}"
EndProject
Project("{FAE04EC0-301F-11D3-BF4B-00C04F79EFBC}") = "PhotonUnityNetworking.Editor", "PhotonUnityNetworking.Editor.csproj", "{2ECB2C65-F722-35A5-4D19-4FD8D9EED5B0}"
EndProject
Project("{FAE04EC0-301F-11D3-BF4B-00C04F79EFBC}") = "PhotonUnityNetworking", "PhotonUnityNetworking.csproj", "{CA6BD5A8-5A71-19BA-2458-038C0388A1A8}"
EndProject
Project("{FAE04EC0-301F-11D3-BF4B-00C04F79EFBC}") = "PhotonUnityNetworking.Utilities.PhotonPlayer.Editor", "PhotonUnityNetworking.Utilities.PhotonPlayer.Editor.csproj", "{D5C5994F-D13F-F656-4560-A4475217C8CF}"
EndProject
Project("{FAE04EC0-301F-11D3-BF4B-00C04F79EFBC}") = "PhotonUnityNetworking.Utilities", "PhotonUnityNetworking.Utilities.csproj", "{25BCC71C-4B50-8DAD-258F-17B1F9994429}"
EndProject
Project("{FAE04EC0-301F-11D3-BF4B-00C04F79EFBC}") = "PunDemos.DemoSlotcarEditor", "PunDemos.DemoSlotcarEditor.csproj", "{1515D78E-7FE4-5CFE-2992-06852BBADF39}"
EndProject
Project("{FAE04EC0-301F-11D3-BF4B-00C04F79EFBC}") = "PhotonUnityNetworking.Utilities.Culling.Editor", "PhotonUnityNetworking.Utilities.Culling.Editor.csproj", "{E315E855-0225-4231-CBC3-51F8213D1A9A}"
EndProject
Project("{FAE04EC0-301F-11D3-BF4B-00C04F79EFBC}") = "PunDemos.DemoHubEditor", "PunDemos.DemoHubEditor.csproj", "{AE891F90-6A7A-7C2F-C14B-00CF592BCD07}"
EndProject
Project("{FAE04EC0-301F-11D3-BF4B-00C04F79EFBC}") = "Assembly-CSharp-Editor", "Assembly-CSharp-Editor.csproj", "{79764812-B69F-49F5-5826-65C07AF62081}"
EndProject
Global
	GlobalSection(SolutionConfigurationPlatforms) = preSolution
		Debug|Any CPU = Debug|Any CPU
		Release|Any CPU = Release|Any CPU
	EndGlobalSection
	GlobalSection(ProjectConfigurationPlatforms) = postSolution
		{4F035074-CB8A-706C-21FE-5012EA762DA5}.Debug|Any CPU.ActiveCfg = Debug|Any CPU
		{4F035074-CB8A-706C-21FE-5012EA762DA5}.Debug|Any CPU.Build.0 = Debug|Any CPU
		{4F035074-CB8A-706C-21FE-5012EA762DA5}.Release|Any CPU.ActiveCfg = Release|Any CPU
		{4F035074-CB8A-706C-21FE-5012EA762DA5}.Release|Any CPU.Build.0 = Release|Any CPU
		{BAF78B2D-C5AD-AC71-25ED-47087B78EEE0}.Debug|Any CPU.ActiveCfg = Debug|Any CPU
		{BAF78B2D-C5AD-AC71-25ED-47087B78EEE0}.Debug|Any CPU.Build.0 = Debug|Any CPU
		{BAF78B2D-C5AD-AC71-25ED-47087B78EEE0}.Release|Any CPU.ActiveCfg = Release|Any CPU
		{BAF78B2D-C5AD-AC71-25ED-47087B78EEE0}.Release|Any CPU.Build.0 = Release|Any CPU
		{97CD0AD6-9474-805D-44A0-4346B5BE9346}.Debug|Any CPU.ActiveCfg = Debug|Any CPU
		{97CD0AD6-9474-805D-44A0-4346B5BE9346}.Debug|Any CPU.Build.0 = Debug|Any CPU
		{97CD0AD6-9474-805D-44A0-4346B5BE9346}.Release|Any CPU.ActiveCfg = Release|Any CPU
		{97CD0AD6-9474-805D-44A0-4346B5BE9346}.Release|Any CPU.Build.0 = Release|Any CPU
		{D47B4D5C-8C48-D2B7-2572-001CEAD928A8}.Debug|Any CPU.ActiveCfg = Debug|Any CPU
		{D47B4D5C-8C48-D2B7-2572-001CEAD928A8}.Debug|Any CPU.Build.0 = Debug|Any CPU
		{D47B4D5C-8C48-D2B7-2572-001CEAD928A8}.Release|Any CPU.ActiveCfg = Release|Any CPU
		{D47B4D5C-8C48-D2B7-2572-001CEAD928A8}.Release|Any CPU.Build.0 = Release|Any CPU
		{2ECB2C65-F722-35A5-4D19-4FD8D9EED5B0}.Debug|Any CPU.ActiveCfg = Debug|Any CPU
		{2ECB2C65-F722-35A5-4D19-4FD8D9EED5B0}.Debug|Any CPU.Build.0 = Debug|Any CPU
		{2ECB2C65-F722-35A5-4D19-4FD8D9EED5B0}.Release|Any CPU.ActiveCfg = Release|Any CPU
		{2ECB2C65-F722-35A5-4D19-4FD8D9EED5B0}.Release|Any CPU.Build.0 = Release|Any CPU
		{CA6BD5A8-5A71-19BA-2458-038C0388A1A8}.Debug|Any CPU.ActiveCfg = Debug|Any CPU
		{CA6BD5A8-5A71-19BA-2458-038C0388A1A8}.Debug|Any CPU.Build.0 = Debug|Any CPU
		{CA6BD5A8-5A71-19BA-2458-038C0388A1A8}.Release|Any CPU.ActiveCfg = Release|Any CPU
		{CA6BD5A8-5A71-19BA-2458-038C0388A1A8}.Release|Any CPU.Build.0 = Release|Any CPU
		{D5C5994F-D13F-F656-4560-A4475217C8CF}.Debug|Any CPU.ActiveCfg = Debug|Any CPU
		{D5C5994F-D13F-F656-4560-A4475217C8CF}.Debug|Any CPU.Build.0 = Debug|Any CPU
		{D5C5994F-D13F-F656-4560-A4475217C8CF}.Release|Any CPU.ActiveCfg = Release|Any CPU
		{D5C5994F-D13F-F656-4560-A4475217C8CF}.Release|Any CPU.Build.0 = Release|Any CPU
		{25BCC71C-4B50-8DAD-258F-17B1F9994429}.Debug|Any CPU.ActiveCfg = Debug|Any CPU
		{25BCC71C-4B50-8DAD-258F-17B1F9994429}.Debug|Any CPU.Build.0 = Debug|Any CPU
		{25BCC71C-4B50-8DAD-258F-17B1F9994429}.Release|Any CPU.ActiveCfg = Release|Any CPU
		{25BCC71C-4B50-8DAD-258F-17B1F9994429}.Release|Any CPU.Build.0 = Release|Any CPU
		{1515D78E-7FE4-5CFE-2992-06852BBADF39}.Debug|Any CPU.ActiveCfg = Debug|Any CPU
		{1515D78E-7FE4-5CFE-2992-06852BBADF39}.Debug|Any CPU.Build.0 = Debug|Any CPU
		{1515D78E-7FE4-5CFE-2992-06852BBADF39}.Release|Any CPU.ActiveCfg = Release|Any CPU
		{1515D78E-7FE4-5CFE-2992-06852BBADF39}.Release|Any CPU.Build.0 = Release|Any CPU
		{E315E855-0225-4231-CBC3-51F8213D1A9A}.Debug|Any CPU.ActiveCfg = Debug|Any CPU
		{E315E855-0225-4231-CBC3-51F8213D1A9A}.Debug|Any CPU.Build.0 = Debug|Any CPU
		{E315E855-0225-4231-CBC3-51F8213D1A9A}.Release|Any CPU.ActiveCfg = Release|Any CPU
		{E315E855-0225-4231-CBC3-51F8213D1A9A}.Release|Any CPU.Build.0 = Release|Any CPU
		{AE891F90-6A7A-7C2F-C14B-00CF592BCD07}.Debug|Any CPU.ActiveCfg = Debug|Any CPU
		{AE891F90-6A7A-7C2F-C14B-00CF592BCD07}.Debug|Any CPU.Build.0 = Debug|Any CPU
		{AE891F90-6A7A-7C2F-C14B-00CF592BCD07}.Release|Any CPU.ActiveCfg = Release|Any CPU
		{AE891F90-6A7A-7C2F-C14B-00CF592BCD07}.Release|Any CPU.Build.0 = Release|Any CPU
		{79764812-B69F-49F5-5826-65C07AF62081}.Debug|Any CPU.ActiveCfg = Debug|Any CPU
		{79764812-B69F-49F5-5826-65C07AF62081}.Debug|Any CPU.Build.0 = Debug|Any CPU
		{79764812-B69F-49F5-5826-65C07AF62081}.Release|Any CPU.ActiveCfg = Release|Any CPU
		{79764812-B69F-49F5-5826-65C07AF62081}.Release|Any CPU.Build.0 = Release|Any CPU
	EndGlobalSection
	GlobalSection(SolutionProperties) = preSolution
		HideSolutionNode = FALSE
	EndGlobalSection
EndGlobal
